
Microsoft Visual Studio Solution File, Format Version 12.00
# Visual Studio Version 17
VisualStudioVersion = 17.1.32421.90
MinimumVisualStudioVersion = 10.0.40219.1
Project("{FAE04EC0-301F-11D3-BF4B-00C04F79EFBC}") = "E01_Calculadora", "E01_Calculadora\E01_Calculadora.csproj", "{315FFCED-96F4-4453-8851-492D4887634E}"
EndProject
Project("{FAE04EC0-301F-11D3-BF4B-00C04F79EFBC}") = "E02_NomeCompleto", "E02_NomeCompleto\E02_NomeCompleto.csproj", "{9FAC0752-0527-4D78-A79F-77A843C6C10C}"
EndProject
Project("{FAE04EC0-301F-11D3-BF4B-00C04F79EFBC}") = "D07_EstruturasCiclicas", "D07_EstruturasCiclicas\D07_EstruturasCiclicas.csproj", "{26C666E7-95E3-4816-A9AC-C1B852086888}"
EndProject
Project("{FAE04EC0-301F-11D3-BF4B-00C04F79EFBC}") = "D08_EstruturasDados", "D08_EstruturasDados\D08_EstruturasDados.csproj", "{8646436C-BCAE-4104-A9CD-6D4A8A70C1D7}"
EndProject
Project("{FAE04EC0-301F-11D3-BF4B-00C04F79EFBC}") = "D09_Classes", "D09_Classes\D09_Classes.csproj", "{DDE64560-10DE-4634-ADE9-CC9A6CA5B308}"
EndProject
Project("{FAE04EC0-301F-11D3-BF4B-00C04F79EFBC}") = "D10_Colecao_ArrayList", "D10_Colecao_ArrayList\D10_Colecao_ArrayList.csproj", "{EF60D2B0-50AC-4DEA-B321-E854DDF607A2}"
EndProject
Project("{FAE04EC0-301F-11D3-BF4B-00C04F79EFBC}") = "M04_LeituraEscrita", "M04_LeituraEscrita\M04_LeituraEscrita.csproj", "{3BC54041-41B6-4D09-BA27-8271503AED1E}"
EndProject
Project("{FAE04EC0-301F-11D3-BF4B-00C04F79EFBC}") = "M05_InstrucoesDecisao", "M05_InstrucoesDecisao\M05_InstrucoesDecisao.csproj", "{956950DA-B53C-4526-B7CB-DC336D7CC627}"
EndProject
Project("{FAE04EC0-301F-11D3-BF4B-00C04F79EFBC}") = "D11_ColecaoGenerica_List", "D11_ColecaoGenerica_List\D11_ColecaoGenerica_List.csproj", "{633A6B1D-0D2D-4CFD-AE5E-1A8CF42779FC}"
EndProject
Project("{FAE04EC0-301F-11D3-BF4B-00C04F79EFBC}") = "D12_ColecaoGeneric_Queue", "D12_ColecaoGeneric_Queue\D12_ColecaoGeneric_Queue.csproj", "{2721E714-385A-47BB-AA86-7398B90B1418}"
EndProject
Project("{FAE04EC0-301F-11D3-BF4B-00C04F79EFBC}") = "D13_ColecaoGeneric_Stack", "D13_ColecaoGeneric_Stack\D13_ColecaoGeneric_Stack.csproj", "{4F54B37B-5728-4BE2-9AC8-87BB28801FC5}"
EndProject
Project("{FAE04EC0-301F-11D3-BF4B-00C04F79EFBC}") = "D14_ColecaoGenerica_Dictionary", "D14_ColecaoGenerica_Dictionary\D14_ColecaoGenerica_Dictionary.csproj", "{2480C0F3-FBF8-4291-9723-0CEF37AC21CF}"
EndProject
Project("{FAE04EC0-301F-11D3-BF4B-00C04F79EFBC}") = "D15_TratamentoExcecoes", "D15_TratamentoExcecoes\D15_TratamentoExcecoes.csproj", "{94CB4BB9-A50A-4329-B33D-8D8281F53A6D}"
EndProject
Project("{FAE04EC0-301F-11D3-BF4B-00C04F79EFBC}") = "E03_Cars", "E03_Cars\E03_Cars.csproj", "{63B53A32-3A10-4A7F-8710-E8094DDFEEA1}"
EndProject
Project("{FAE04EC0-301F-11D3-BF4B-00C04F79EFBC}") = "D16_Enums", "D16_Enums\D16_Enums.csproj", "{87F9EC96-2A54-4D07-8DC6-D953998B5B9D}"
EndProject
Project("{FAE04EC0-301F-11D3-BF4B-00C04F79EFBC}") = "D17_Structs", "D17_Structs\D17_Structs.csproj", "{3DB8758F-E96C-4310-928D-4B0220F843A9}"
EndProject
Project("{FAE04EC0-301F-11D3-BF4B-00C04F79EFBC}") = "E04_Curso", "E04_Curso\E04_Curso.csproj", "{3A04E904-B0C2-4471-977E-F157CAFBA3BF}"
EndProject
Project("{FAE04EC0-301F-11D3-BF4B-00C04F79EFBC}") = "M06_InstrucoesRepeticao", "M06_InstrucoesRepeticao\M06_InstrucoesRepeticao.csproj", "{816F2FE9-DB84-49B6-8231-0B4C0269CB07}"
EndProject
Project("{FAE04EC0-301F-11D3-BF4B-00C04F79EFBC}") = "D18_LINQ", "D18_LINQ\D18_LINQ.csproj", "{BAFE0C8A-A084-4A6F-A1AA-6AF7040FDD1F}"
EndProject
Project("{FAE04EC0-301F-11D3-BF4B-00C04F79EFBC}") = "M07_Methods", "M07_Methods\M07_Methods.csproj", "{694656FC-7BD4-4EC0-9F0B-72654F00FD33}"
EndProject
Project("{FAE04EC0-301F-11D3-BF4B-00C04F79EFBC}") = "M08_VectorsMatrices", "M08_VectorsMatrices\M08_VectorsMatrices.csproj", "{92542602-3F15-4D63-9587-561530FDD4F7}"
EndProject
Project("{FAE04EC0-301F-11D3-BF4B-00C04F79EFBC}") = "M09_Strings", "M09_Strings\M09_Strings.csproj", "{64E33B98-E352-43DA-B4D6-A92CD16BF650}"
EndProject
Project("{FAE04EC0-301F-11D3-BF4B-00C04F79EFBC}") = "D00_Utils", "D00_Utils\D00_Utils.csproj", "{B676E629-158E-4161-BE76-64B30B5EEB0B}"
EndProject
Project("{FAE04EC0-301F-11D3-BF4B-00C04F79EFBC}") = "D01_VisualStudio", "D01_VisualStudio\D01_VisualStudio.csproj", "{CE36C20D-42FA-4C55-9985-654551889819}"
EndProject
Project("{FAE04EC0-301F-11D3-BF4B-00C04F79EFBC}") = "D02_Algoritmia", "D02_Algoritmia\D02_Algoritmia.csproj", "{5332EDDE-094D-42A3-9F2F-987E7EB60779}"
EndProject
Project("{FAE04EC0-301F-11D3-BF4B-00C04F79EFBC}") = "D03_DataTypes", "D03_DataTypes\D03_DataTypes.csproj", "{B77E76C5-43AA-4895-88E1-7DFD7D38255D}"
EndProject
Project("{FAE04EC0-301F-11D3-BF4B-00C04F79EFBC}") = "D04_DataConversion", "D04_DataConversion\D04_DataConversion.csproj", "{474DB32C-7EE5-425B-8DAB-32F8BAA437C0}"
EndProject
Project("{FAE04EC0-301F-11D3-BF4B-00C04F79EFBC}") = "D05_ManipulacaoDados", "D05_ManipulacaoDados\D05_ManipulacaoDados.csproj", "{5A855E0F-4754-48B4-9835-E556A792657B}"
EndProject
Project("{FAE04EC0-301F-11D3-BF4B-00C04F79EFBC}") = "D06_EstruturasCondicionais", "D06_EstruturasCondicionais\D06_EstruturasCondicionais.csproj", "{C8D38D61-F2AD-4412-8826-B69E8FAE843C}"
EndProject
Global
	GlobalSection(SolutionConfigurationPlatforms) = preSolution
		Debug|Any CPU = Debug|Any CPU
		Release|Any CPU = Release|Any CPU
	EndGlobalSection
	GlobalSection(ProjectConfigurationPlatforms) = postSolution
		{315FFCED-96F4-4453-8851-492D4887634E}.Debug|Any CPU.ActiveCfg = Debug|Any CPU
		{315FFCED-96F4-4453-8851-492D4887634E}.Debug|Any CPU.Build.0 = Debug|Any CPU
		{315FFCED-96F4-4453-8851-492D4887634E}.Release|Any CPU.ActiveCfg = Release|Any CPU
		{315FFCED-96F4-4453-8851-492D4887634E}.Release|Any CPU.Build.0 = Release|Any CPU
		{9FAC0752-0527-4D78-A79F-77A843C6C10C}.Debug|Any CPU.ActiveCfg = Debug|Any CPU
		{9FAC0752-0527-4D78-A79F-77A843C6C10C}.Debug|Any CPU.Build.0 = Debug|Any CPU
		{9FAC0752-0527-4D78-A79F-77A843C6C10C}.Release|Any CPU.ActiveCfg = Release|Any CPU
		{9FAC0752-0527-4D78-A79F-77A843C6C10C}.Release|Any CPU.Build.0 = Release|Any CPU
		{26C666E7-95E3-4816-A9AC-C1B852086888}.Debug|Any CPU.ActiveCfg = Debug|Any CPU
		{26C666E7-95E3-4816-A9AC-C1B852086888}.Debug|Any CPU.Build.0 = Debug|Any CPU
		{26C666E7-95E3-4816-A9AC-C1B852086888}.Release|Any CPU.ActiveCfg = Release|Any CPU
		{26C666E7-95E3-4816-A9AC-C1B852086888}.Release|Any CPU.Build.0 = Release|Any CPU
		{8646436C-BCAE-4104-A9CD-6D4A8A70C1D7}.Debug|Any CPU.ActiveCfg = Debug|Any CPU
		{8646436C-BCAE-4104-A9CD-6D4A8A70C1D7}.Debug|Any CPU.Build.0 = Debug|Any CPU
		{8646436C-BCAE-4104-A9CD-6D4A8A70C1D7}.Release|Any CPU.ActiveCfg = Release|Any CPU
		{8646436C-BCAE-4104-A9CD-6D4A8A70C1D7}.Release|Any CPU.Build.0 = Release|Any CPU
		{DDE64560-10DE-4634-ADE9-CC9A6CA5B308}.Debug|Any CPU.ActiveCfg = Debug|Any CPU
		{DDE64560-10DE-4634-ADE9-CC9A6CA5B308}.Debug|Any CPU.Build.0 = Debug|Any CPU
		{DDE64560-10DE-4634-ADE9-CC9A6CA5B308}.Release|Any CPU.ActiveCfg = Release|Any CPU
		{DDE64560-10DE-4634-ADE9-CC9A6CA5B308}.Release|Any CPU.Build.0 = Release|Any CPU
		{EF60D2B0-50AC-4DEA-B321-E854DDF607A2}.Debug|Any CPU.ActiveCfg = Debug|Any CPU
		{EF60D2B0-50AC-4DEA-B321-E854DDF607A2}.Debug|Any CPU.Build.0 = Debug|Any CPU
		{EF60D2B0-50AC-4DEA-B321-E854DDF607A2}.Release|Any CPU.ActiveCfg = Release|Any CPU
		{EF60D2B0-50AC-4DEA-B321-E854DDF607A2}.Release|Any CPU.Build.0 = Release|Any CPU
		{3BC54041-41B6-4D09-BA27-8271503AED1E}.Debug|Any CPU.ActiveCfg = Debug|Any CPU
		{3BC54041-41B6-4D09-BA27-8271503AED1E}.Debug|Any CPU.Build.0 = Debug|Any CPU
		{3BC54041-41B6-4D09-BA27-8271503AED1E}.Release|Any CPU.ActiveCfg = Release|Any CPU
		{3BC54041-41B6-4D09-BA27-8271503AED1E}.Release|Any CPU.Build.0 = Release|Any CPU
		{956950DA-B53C-4526-B7CB-DC336D7CC627}.Debug|Any CPU.ActiveCfg = Debug|Any CPU
		{956950DA-B53C-4526-B7CB-DC336D7CC627}.Debug|Any CPU.Build.0 = Debug|Any CPU
		{956950DA-B53C-4526-B7CB-DC336D7CC627}.Release|Any CPU.ActiveCfg = Release|Any CPU
		{956950DA-B53C-4526-B7CB-DC336D7CC627}.Release|Any CPU.Build.0 = Release|Any CPU
		{633A6B1D-0D2D-4CFD-AE5E-1A8CF42779FC}.Debug|Any CPU.ActiveCfg = Debug|Any CPU
		{633A6B1D-0D2D-4CFD-AE5E-1A8CF42779FC}.Debug|Any CPU.Build.0 = Debug|Any CPU
		{633A6B1D-0D2D-4CFD-AE5E-1A8CF42779FC}.Release|Any CPU.ActiveCfg = Release|Any CPU
		{633A6B1D-0D2D-4CFD-AE5E-1A8CF42779FC}.Release|Any CPU.Build.0 = Release|Any CPU
		{2721E714-385A-47BB-AA86-7398B90B1418}.Debug|Any CPU.ActiveCfg = Debug|Any CPU
		{2721E714-385A-47BB-AA86-7398B90B1418}.Debug|Any CPU.Build.0 = Debug|Any CPU
		{2721E714-385A-47BB-AA86-7398B90B1418}.Release|Any CPU.ActiveCfg = Release|Any CPU
		{2721E714-385A-47BB-AA86-7398B90B1418}.Release|Any CPU.Build.0 = Release|Any CPU
		{4F54B37B-5728-4BE2-9AC8-87BB28801FC5}.Debug|Any CPU.ActiveCfg = Debug|Any CPU
		{4F54B37B-5728-4BE2-9AC8-87BB28801FC5}.Debug|Any CPU.Build.0 = Debug|Any CPU
		{4F54B37B-5728-4BE2-9AC8-87BB28801FC5}.Release|Any CPU.ActiveCfg = Release|Any CPU
		{4F54B37B-5728-4BE2-9AC8-87BB28801FC5}.Release|Any CPU.Build.0 = Release|Any CPU
		{2480C0F3-FBF8-4291-9723-0CEF37AC21CF}.Debug|Any CPU.ActiveCfg = Debug|Any CPU
		{2480C0F3-FBF8-4291-9723-0CEF37AC21CF}.Debug|Any CPU.Build.0 = Debug|Any CPU
		{2480C0F3-FBF8-4291-9723-0CEF37AC21CF}.Release|Any CPU.ActiveCfg = Release|Any CPU
		{2480C0F3-FBF8-4291-9723-0CEF37AC21CF}.Release|Any CPU.Build.0 = Release|Any CPU
		{94CB4BB9-A50A-4329-B33D-8D8281F53A6D}.Debug|Any CPU.ActiveCfg = Debug|Any CPU
		{94CB4BB9-A50A-4329-B33D-8D8281F53A6D}.Debug|Any CPU.Build.0 = Debug|Any CPU
		{94CB4BB9-A50A-4329-B33D-8D8281F53A6D}.Release|Any CPU.ActiveCfg = Release|Any CPU
		{94CB4BB9-A50A-4329-B33D-8D8281F53A6D}.Release|Any CPU.Build.0 = Release|Any CPU
		{63B53A32-3A10-4A7F-8710-E8094DDFEEA1}.Debug|Any CPU.ActiveCfg = Debug|Any CPU
		{63B53A32-3A10-4A7F-8710-E8094DDFEEA1}.Debug|Any CPU.Build.0 = Debug|Any CPU
		{63B53A32-3A10-4A7F-8710-E8094DDFEEA1}.Release|Any CPU.ActiveCfg = Release|Any CPU
		{63B53A32-3A10-4A7F-8710-E8094DDFEEA1}.Release|Any CPU.Build.0 = Release|Any CPU
		{87F9EC96-2A54-4D07-8DC6-D953998B5B9D}.Debug|Any CPU.ActiveCfg = Debug|Any CPU
		{87F9EC96-2A54-4D07-8DC6-D953998B5B9D}.Debug|Any CPU.Build.0 = Debug|Any CPU
		{87F9EC96-2A54-4D07-8DC6-D953998B5B9D}.Release|Any CPU.ActiveCfg = Release|Any CPU
		{87F9EC96-2A54-4D07-8DC6-D953998B5B9D}.Release|Any CPU.Build.0 = Release|Any CPU
		{3DB8758F-E96C-4310-928D-4B0220F843A9}.Debug|Any CPU.ActiveCfg = Debug|Any CPU
		{3DB8758F-E96C-4310-928D-4B0220F843A9}.Debug|Any CPU.Build.0 = Debug|Any CPU
		{3DB8758F-E96C-4310-928D-4B0220F843A9}.Release|Any CPU.ActiveCfg = Release|Any CPU
		{3DB8758F-E96C-4310-928D-4B0220F843A9}.Release|Any CPU.Build.0 = Release|Any CPU
		{3A04E904-B0C2-4471-977E-F157CAFBA3BF}.Debug|Any CPU.ActiveCfg = Debug|Any CPU
		{3A04E904-B0C2-4471-977E-F157CAFBA3BF}.Debug|Any CPU.Build.0 = Debug|Any CPU
		{3A04E904-B0C2-4471-977E-F157CAFBA3BF}.Release|Any CPU.ActiveCfg = Release|Any CPU
		{3A04E904-B0C2-4471-977E-F157CAFBA3BF}.Release|Any CPU.Build.0 = Release|Any CPU
		{816F2FE9-DB84-49B6-8231-0B4C0269CB07}.Debug|Any CPU.ActiveCfg = Debug|Any CPU
		{816F2FE9-DB84-49B6-8231-0B4C0269CB07}.Debug|Any CPU.Build.0 = Debug|Any CPU
		{816F2FE9-DB84-49B6-8231-0B4C0269CB07}.Release|Any CPU.ActiveCfg = Release|Any CPU
		{816F2FE9-DB84-49B6-8231-0B4C0269CB07}.Release|Any CPU.Build.0 = Release|Any CPU
		{BAFE0C8A-A084-4A6F-A1AA-6AF7040FDD1F}.Debug|Any CPU.ActiveCfg = Debug|Any CPU
		{BAFE0C8A-A084-4A6F-A1AA-6AF7040FDD1F}.Debug|Any CPU.Build.0 = Debug|Any CPU
		{BAFE0C8A-A084-4A6F-A1AA-6AF7040FDD1F}.Release|Any CPU.ActiveCfg = Release|Any CPU
		{BAFE0C8A-A084-4A6F-A1AA-6AF7040FDD1F}.Release|Any CPU.Build.0 = Release|Any CPU
		{694656FC-7BD4-4EC0-9F0B-72654F00FD33}.Debug|Any CPU.ActiveCfg = Debug|Any CPU
		{694656FC-7BD4-4EC0-9F0B-72654F00FD33}.Debug|Any CPU.Build.0 = Debug|Any CPU
		{694656FC-7BD4-4EC0-9F0B-72654F00FD33}.Release|Any CPU.ActiveCfg = Release|Any CPU
		{694656FC-7BD4-4EC0-9F0B-72654F00FD33}.Release|Any CPU.Build.0 = Release|Any CPU
		{92542602-3F15-4D63-9587-561530FDD4F7}.Debug|Any CPU.ActiveCfg = Debug|Any CPU
		{92542602-3F15-4D63-9587-561530FDD4F7}.Debug|Any CPU.Build.0 = Debug|Any CPU
		{92542602-3F15-4D63-9587-561530FDD4F7}.Release|Any CPU.ActiveCfg = Release|Any CPU
		{92542602-3F15-4D63-9587-561530FDD4F7}.Release|Any CPU.Build.0 = Release|Any CPU
		{64E33B98-E352-43DA-B4D6-A92CD16BF650}.Debug|Any CPU.ActiveCfg = Debug|Any CPU
		{64E33B98-E352-43DA-B4D6-A92CD16BF650}.Debug|Any CPU.Build.0 = Debug|Any CPU
		{64E33B98-E352-43DA-B4D6-A92CD16BF650}.Release|Any CPU.ActiveCfg = Release|Any CPU
		{64E33B98-E352-43DA-B4D6-A92CD16BF650}.Release|Any CPU.Build.0 = Release|Any CPU
		{B676E629-158E-4161-BE76-64B30B5EEB0B}.Debug|Any CPU.ActiveCfg = Debug|Any CPU
		{B676E629-158E-4161-BE76-64B30B5EEB0B}.Debug|Any CPU.Build.0 = Debug|Any CPU
		{B676E629-158E-4161-BE76-64B30B5EEB0B}.Release|Any CPU.ActiveCfg = Release|Any CPU
		{B676E629-158E-4161-BE76-64B30B5EEB0B}.Release|Any CPU.Build.0 = Release|Any CPU
		{CE36C20D-42FA-4C55-9985-654551889819}.Debug|Any CPU.ActiveCfg = Debug|Any CPU
		{CE36C20D-42FA-4C55-9985-654551889819}.Debug|Any CPU.Build.0 = Debug|Any CPU
		{CE36C20D-42FA-4C55-9985-654551889819}.Release|Any CPU.ActiveCfg = Release|Any CPU
		{CE36C20D-42FA-4C55-9985-654551889819}.Release|Any CPU.Build.0 = Release|Any CPU
		{5332EDDE-094D-42A3-9F2F-987E7EB60779}.Debug|Any CPU.ActiveCfg = Debug|Any CPU
		{5332EDDE-094D-42A3-9F2F-987E7EB60779}.Debug|Any CPU.Build.0 = Debug|Any CPU
		{5332EDDE-094D-42A3-9F2F-987E7EB60779}.Release|Any CPU.ActiveCfg = Release|Any CPU
		{5332EDDE-094D-42A3-9F2F-987E7EB60779}.Release|Any CPU.Build.0 = Release|Any CPU
		{B77E76C5-43AA-4895-88E1-7DFD7D38255D}.Debug|Any CPU.ActiveCfg = Debug|Any CPU
		{B77E76C5-43AA-4895-88E1-7DFD7D38255D}.Debug|Any CPU.Build.0 = Debug|Any CPU
		{B77E76C5-43AA-4895-88E1-7DFD7D38255D}.Release|Any CPU.ActiveCfg = Release|Any CPU
		{B77E76C5-43AA-4895-88E1-7DFD7D38255D}.Release|Any CPU.Build.0 = Release|Any CPU
		{474DB32C-7EE5-425B-8DAB-32F8BAA437C0}.Debug|Any CPU.ActiveCfg = Debug|Any CPU
		{474DB32C-7EE5-425B-8DAB-32F8BAA437C0}.Debug|Any CPU.Build.0 = Debug|Any CPU
		{474DB32C-7EE5-425B-8DAB-32F8BAA437C0}.Release|Any CPU.ActiveCfg = Release|Any CPU
		{474DB32C-7EE5-425B-8DAB-32F8BAA437C0}.Release|Any CPU.Build.0 = Release|Any CPU
		{5A855E0F-4754-48B4-9835-E556A792657B}.Debug|Any CPU.ActiveCfg = Debug|Any CPU
		{5A855E0F-4754-48B4-9835-E556A792657B}.Debug|Any CPU.Build.0 = Debug|Any CPU
		{5A855E0F-4754-48B4-9835-E556A792657B}.Release|Any CPU.ActiveCfg = Release|Any CPU
		{5A855E0F-4754-48B4-9835-E556A792657B}.Release|Any CPU.Build.0 = Release|Any CPU
		{C8D38D61-F2AD-4412-8826-B69E8FAE843C}.Debug|Any CPU.ActiveCfg = Debug|Any CPU
		{C8D38D61-F2AD-4412-8826-B69E8FAE843C}.Debug|Any CPU.Build.0 = Debug|Any CPU
		{C8D38D61-F2AD-4412-8826-B69E8FAE843C}.Release|Any CPU.ActiveCfg = Release|Any CPU
		{C8D38D61-F2AD-4412-8826-B69E8FAE843C}.Release|Any CPU.Build.0 = Release|Any CPU
	EndGlobalSection
	GlobalSection(SolutionProperties) = preSolution
		HideSolutionNode = FALSE
	EndGlobalSection
	GlobalSection(ExtensibilityGlobals) = postSolution
		SolutionGuid = {34EE9DBD-6D44-47D4-928E-601A3BC0F0AB}
	EndGlobalSection
EndGlobal
