
Microsoft Visual Studio Solution File, Format Version 12.00
# Visual Studio Version 17
VisualStudioVersion = 17.2.32526.322
MinimumVisualStudioVersion = 10.0.40219.1
Project("{FAE04EC0-301F-11D3-BF4B-00C04F79EFBC}") = "D01_OOP_Encapsulation", "D01_OOP_Encapsulation\D01_OOP_Encapsulation.csproj", "{E576C2F1-3068-458D-84A6-F95C051A965E}"
EndProject
Project("{FAE04EC0-301F-11D3-BF4B-00C04F79EFBC}") = "D00_Utils", "D00_Utils\D00_Utils.csproj", "{01C45A05-094A-4EF9-B35D-56D0D459619C}"
EndProject
Project("{FAE04EC0-301F-11D3-BF4B-00C04F79EFBC}") = "D02_OOP_Inheritance", "D02_OOP_Inheritance\D02_OOP_Inheritance.csproj", "{3206F813-3AE8-459A-A236-4D90580B99C2}"
EndProject
Project("{FAE04EC0-301F-11D3-BF4B-00C04F79EFBC}") = "D03_OOP_Polymorphism", "D03_OOP_Polymorphism\D03_OOP_Polymorphism.csproj", "{DB45EB6E-C73D-4626-8D1F-F138D3AE5D2D}"
EndProject
Project("{FAE04EC0-301F-11D3-BF4B-00C04F79EFBC}") = "D04_OOP_Abstraction", "D04_OOP_Abstraction\D04_OOP_Abstraction.csproj", "{41F43BA8-D4F4-4092-8159-2197EBED57A6}"
EndProject
Project("{FAE04EC0-301F-11D3-BF4B-00C04F79EFBC}") = "E01_Calculator", "E01_Calculator\E01_Calculator.csproj", "{B58E28AB-24DE-40BB-B6E0-FA7A62CA0E75}"
EndProject
Global
	GlobalSection(SolutionConfigurationPlatforms) = preSolution
		Debug|Any CPU = Debug|Any CPU
		Release|Any CPU = Release|Any CPU
	EndGlobalSection
	GlobalSection(ProjectConfigurationPlatforms) = postSolution
		{E576C2F1-3068-458D-84A6-F95C051A965E}.Debug|Any CPU.ActiveCfg = Debug|Any CPU
		{E576C2F1-3068-458D-84A6-F95C051A965E}.Debug|Any CPU.Build.0 = Debug|Any CPU
		{E576C2F1-3068-458D-84A6-F95C051A965E}.Release|Any CPU.ActiveCfg = Release|Any CPU
		{E576C2F1-3068-458D-84A6-F95C051A965E}.Release|Any CPU.Build.0 = Release|Any CPU
		{01C45A05-094A-4EF9-B35D-56D0D459619C}.Debug|Any CPU.ActiveCfg = Debug|Any CPU
		{01C45A05-094A-4EF9-B35D-56D0D459619C}.Debug|Any CPU.Build.0 = Debug|Any CPU
		{01C45A05-094A-4EF9-B35D-56D0D459619C}.Release|Any CPU.ActiveCfg = Release|Any CPU
		{01C45A05-094A-4EF9-B35D-56D0D459619C}.Release|Any CPU.Build.0 = Release|Any CPU
		{3206F813-3AE8-459A-A236-4D90580B99C2}.Debug|Any CPU.ActiveCfg = Debug|Any CPU
		{3206F813-3AE8-459A-A236-4D90580B99C2}.Debug|Any CPU.Build.0 = Debug|Any CPU
		{3206F813-3AE8-459A-A236-4D90580B99C2}.Release|Any CPU.ActiveCfg = Release|Any CPU
		{3206F813-3AE8-459A-A236-4D90580B99C2}.Release|Any CPU.Build.0 = Release|Any CPU
		{DB45EB6E-C73D-4626-8D1F-F138D3AE5D2D}.Debug|Any CPU.ActiveCfg = Debug|Any CPU
		{DB45EB6E-C73D-4626-8D1F-F138D3AE5D2D}.Debug|Any CPU.Build.0 = Debug|Any CPU
		{DB45EB6E-C73D-4626-8D1F-F138D3AE5D2D}.Release|Any CPU.ActiveCfg = Release|Any CPU
		{DB45EB6E-C73D-4626-8D1F-F138D3AE5D2D}.Release|Any CPU.Build.0 = Release|Any CPU
		{41F43BA8-D4F4-4092-8159-2197EBED57A6}.Debug|Any CPU.ActiveCfg = Debug|Any CPU
		{41F43BA8-D4F4-4092-8159-2197EBED57A6}.Debug|Any CPU.Build.0 = Debug|Any CPU
		{41F43BA8-D4F4-4092-8159-2197EBED57A6}.Release|Any CPU.ActiveCfg = Release|Any CPU
		{41F43BA8-D4F4-4092-8159-2197EBED57A6}.Release|Any CPU.Build.0 = Release|Any CPU
		{B58E28AB-24DE-40BB-B6E0-FA7A62CA0E75}.Debug|Any CPU.ActiveCfg = Debug|Any CPU
		{B58E28AB-24DE-40BB-B6E0-FA7A62CA0E75}.Debug|Any CPU.Build.0 = Debug|Any CPU
		{B58E28AB-24DE-40BB-B6E0-FA7A62CA0E75}.Release|Any CPU.ActiveCfg = Release|Any CPU
		{B58E28AB-24DE-40BB-B6E0-FA7A62CA0E75}.Release|Any CPU.Build.0 = Release|Any CPU
	EndGlobalSection
	GlobalSection(SolutionProperties) = preSolution
		HideSolutionNode = FALSE
	EndGlobalSection
	GlobalSection(ExtensibilityGlobals) = postSolution
		SolutionGuid = {D131DD00-F044-4409-A642-E6F6094F5319}
	EndGlobalSection
EndGlobal
