
Microsoft Visual Studio Solution File, Format Version 12.00
# Visual Studio Version 17
VisualStudioVersion = 17.0.31903.59
MinimumVisualStudioVersion = 10.0.40219.1
Project("{FAE04EC0-301F-11D3-BF4B-00C04F79EFBC}") = "D00_Utils", "D00_Utils\D00_Utils.csproj", "{85DB4518-F393-41B2-9B8D-508F415C851E}"
EndProject
Project("{FAE04EC0-301F-11D3-BF4B-00C04F79EFBC}") = "D01_VisualStudio", "Module_2_OOP\C02PCSF\D01_VisualStudio\D01_VisualStudio.csproj", "{F394CA0F-60FB-48AE-A195-59344DA0BE0D}"
EndProject
Project("{2150E333-8FDC-42A3-9474-1A3956D46DE8}") = "C02PCSF", "C02PCSF", "{7DEF3BF9-80E1-40B9-A559-7F0B7C0E6EBE}"
EndProject
Project("{FAE04EC0-301F-11D3-BF4B-00C04F79EFBC}") = "D02_Algoritmia", "Module_2_OOP\C02PCSF\D02_Algoritmia\D02_Algoritmia.csproj", "{AA6136C7-3594-4514-B183-C2B2DBE67C59}"
EndProject
Project("{FAE04EC0-301F-11D3-BF4B-00C04F79EFBC}") = "D03_DataTypes", "Module_2_OOP\C02PCSF\D03_DataTypes\D03_DataTypes.csproj", "{BB162809-8D68-4A1E-9D2D-5F9774195B9F}"
EndProject
Project("{FAE04EC0-301F-11D3-BF4B-00C04F79EFBC}") = "D04_DataConversion", "Module_2_OOP\C02PCSF\D04_DataConversion\D04_DataConversion.csproj", "{033435EF-438A-4AB0-A37B-EE762711CBFF}"
EndProject
Project("{FAE04EC0-301F-11D3-BF4B-00C04F79EFBC}") = "D05_ManipulacaoDados", "Module_2_OOP\C02PCSF\D05_ManipulacaoDados\D05_ManipulacaoDados.csproj", "{D9B7C921-17A1-4BE1-B8DB-214C22C18F31}"
EndProject
Project("{FAE04EC0-301F-11D3-BF4B-00C04F79EFBC}") = "D06_EstruturasCondicionais", "Module_2_OOP\C02PCSF\D06_EstruturasCondicionais\D06_EstruturasCondicionais.csproj", "{E83D4937-3B97-4135-8C4B-C1AAACD0D77C}"
EndProject
Project("{FAE04EC0-301F-11D3-BF4B-00C04F79EFBC}") = "D07_EstruturasCiclicas", "Module_2_OOP\C02PCSF\D07_EstruturasCiclicas\D07_EstruturasCiclicas.csproj", "{00AE96FF-23E2-4975-BBDF-D24623718C9E}"
EndProject
Global
	GlobalSection(SolutionConfigurationPlatforms) = preSolution
		Debug|Any CPU = Debug|Any CPU
		Release|Any CPU = Release|Any CPU
	EndGlobalSection
	GlobalSection(SolutionProperties) = preSolution
		HideSolutionNode = FALSE
	EndGlobalSection
	GlobalSection(ProjectConfigurationPlatforms) = postSolution
		{85DB4518-F393-41B2-9B8D-508F415C851E}.Debug|Any CPU.ActiveCfg = Debug|Any CPU
		{85DB4518-F393-41B2-9B8D-508F415C851E}.Debug|Any CPU.Build.0 = Debug|Any CPU
		{85DB4518-F393-41B2-9B8D-508F415C851E}.Release|Any CPU.ActiveCfg = Release|Any CPU
		{85DB4518-F393-41B2-9B8D-508F415C851E}.Release|Any CPU.Build.0 = Release|Any CPU
		{F394CA0F-60FB-48AE-A195-59344DA0BE0D}.Debug|Any CPU.ActiveCfg = Debug|Any CPU
		{F394CA0F-60FB-48AE-A195-59344DA0BE0D}.Debug|Any CPU.Build.0 = Debug|Any CPU
		{F394CA0F-60FB-48AE-A195-59344DA0BE0D}.Release|Any CPU.ActiveCfg = Release|Any CPU
		{F394CA0F-60FB-48AE-A195-59344DA0BE0D}.Release|Any CPU.Build.0 = Release|Any CPU
		{AA6136C7-3594-4514-B183-C2B2DBE67C59}.Debug|Any CPU.ActiveCfg = Debug|Any CPU
		{AA6136C7-3594-4514-B183-C2B2DBE67C59}.Debug|Any CPU.Build.0 = Debug|Any CPU
		{AA6136C7-3594-4514-B183-C2B2DBE67C59}.Release|Any CPU.ActiveCfg = Release|Any CPU
		{AA6136C7-3594-4514-B183-C2B2DBE67C59}.Release|Any CPU.Build.0 = Release|Any CPU
		{BB162809-8D68-4A1E-9D2D-5F9774195B9F}.Debug|Any CPU.ActiveCfg = Debug|Any CPU
		{BB162809-8D68-4A1E-9D2D-5F9774195B9F}.Debug|Any CPU.Build.0 = Debug|Any CPU
		{BB162809-8D68-4A1E-9D2D-5F9774195B9F}.Release|Any CPU.ActiveCfg = Release|Any CPU
		{BB162809-8D68-4A1E-9D2D-5F9774195B9F}.Release|Any CPU.Build.0 = Release|Any CPU
		{033435EF-438A-4AB0-A37B-EE762711CBFF}.Debug|Any CPU.ActiveCfg = Debug|Any CPU
		{033435EF-438A-4AB0-A37B-EE762711CBFF}.Debug|Any CPU.Build.0 = Debug|Any CPU
		{033435EF-438A-4AB0-A37B-EE762711CBFF}.Release|Any CPU.ActiveCfg = Release|Any CPU
		{033435EF-438A-4AB0-A37B-EE762711CBFF}.Release|Any CPU.Build.0 = Release|Any CPU
		{D9B7C921-17A1-4BE1-B8DB-214C22C18F31}.Debug|Any CPU.ActiveCfg = Debug|Any CPU
		{D9B7C921-17A1-4BE1-B8DB-214C22C18F31}.Debug|Any CPU.Build.0 = Debug|Any CPU
		{D9B7C921-17A1-4BE1-B8DB-214C22C18F31}.Release|Any CPU.ActiveCfg = Release|Any CPU
		{D9B7C921-17A1-4BE1-B8DB-214C22C18F31}.Release|Any CPU.Build.0 = Release|Any CPU
		{E83D4937-3B97-4135-8C4B-C1AAACD0D77C}.Debug|Any CPU.ActiveCfg = Debug|Any CPU
		{E83D4937-3B97-4135-8C4B-C1AAACD0D77C}.Debug|Any CPU.Build.0 = Debug|Any CPU
		{E83D4937-3B97-4135-8C4B-C1AAACD0D77C}.Release|Any CPU.ActiveCfg = Release|Any CPU
		{E83D4937-3B97-4135-8C4B-C1AAACD0D77C}.Release|Any CPU.Build.0 = Release|Any CPU
		{00AE96FF-23E2-4975-BBDF-D24623718C9E}.Debug|Any CPU.ActiveCfg = Debug|Any CPU
		{00AE96FF-23E2-4975-BBDF-D24623718C9E}.Debug|Any CPU.Build.0 = Debug|Any CPU
		{00AE96FF-23E2-4975-BBDF-D24623718C9E}.Release|Any CPU.ActiveCfg = Release|Any CPU
		{00AE96FF-23E2-4975-BBDF-D24623718C9E}.Release|Any CPU.Build.0 = Release|Any CPU
	EndGlobalSection
	GlobalSection(NestedProjects) = preSolution
		{F394CA0F-60FB-48AE-A195-59344DA0BE0D} = {7DEF3BF9-80E1-40B9-A559-7F0B7C0E6EBE}
		{AA6136C7-3594-4514-B183-C2B2DBE67C59} = {7DEF3BF9-80E1-40B9-A559-7F0B7C0E6EBE}
		{BB162809-8D68-4A1E-9D2D-5F9774195B9F} = {7DEF3BF9-80E1-40B9-A559-7F0B7C0E6EBE}
		{033435EF-438A-4AB0-A37B-EE762711CBFF} = {7DEF3BF9-80E1-40B9-A559-7F0B7C0E6EBE}
		{D9B7C921-17A1-4BE1-B8DB-214C22C18F31} = {7DEF3BF9-80E1-40B9-A559-7F0B7C0E6EBE}
		{E83D4937-3B97-4135-8C4B-C1AAACD0D77C} = {7DEF3BF9-80E1-40B9-A559-7F0B7C0E6EBE}
		{00AE96FF-23E2-4975-BBDF-D24623718C9E} = {7DEF3BF9-80E1-40B9-A559-7F0B7C0E6EBE}
	EndGlobalSection
EndGlobal
