
Microsoft Visual Studio Solution File, Format Version 12.00
# Visual Studio Version 17
VisualStudioVersion = 17.0.31903.59
MinimumVisualStudioVersion = 10.0.40219.1
Project("{FAE04EC0-301F-11D3-BF4B-00C04F79EFBC}") = "D00_Utils", "D00_Utils\D00_Utils.csproj", "{85DB4518-F393-41B2-9B8D-508F415C851E}"
EndProject
Project("{FAE04EC0-301F-11D3-BF4B-00C04F79EFBC}") = "D01_VisualStudio", "Module_2_OOP\C02PCSF\D01_VisualStudio\D01_VisualStudio.csproj", "{F394CA0F-60FB-48AE-A195-59344DA0BE0D}"
EndProject
Project("{2150E333-8FDC-42A3-9474-1A3956D46DE8}") = "C02PCSF", "C02PCSF", "{7DEF3BF9-80E1-40B9-A559-7F0B7C0E6EBE}"
EndProject
Project("{FAE04EC0-301F-11D3-BF4B-00C04F79EFBC}") = "D02_Algoritmia", "Module_2_OOP\C02PCSF\D02_Algoritmia\D02_Algoritmia.csproj", "{AA6136C7-3594-4514-B183-C2B2DBE67C59}"
EndProject
Project("{FAE04EC0-301F-11D3-BF4B-00C04F79EFBC}") = "D03_DataTypes", "Module_2_OOP\C02PCSF\D03_DataTypes\D03_DataTypes.csproj", "{BB162809-8D68-4A1E-9D2D-5F9774195B9F}"
EndProject
Project("{FAE04EC0-301F-11D3-BF4B-00C04F79EFBC}") = "D04_DataConversion", "Module_2_OOP\C02PCSF\D04_DataConversion\D04_DataConversion.csproj", "{033435EF-438A-4AB0-A37B-EE762711CBFF}"
EndProject
Project("{FAE04EC0-301F-11D3-BF4B-00C04F79EFBC}") = "D05_ManipulacaoDados", "Module_2_OOP\C02PCSF\D05_ManipulacaoDados\D05_ManipulacaoDados.csproj", "{D9B7C921-17A1-4BE1-B8DB-214C22C18F31}"
EndProject
Project("{FAE04EC0-301F-11D3-BF4B-00C04F79EFBC}") = "D06_EstruturasCondicionais", "Module_2_OOP\C02PCSF\D06_EstruturasCondicionais\D06_EstruturasCondicionais.csproj", "{E83D4937-3B97-4135-8C4B-C1AAACD0D77C}"
EndProject
Project("{FAE04EC0-301F-11D3-BF4B-00C04F79EFBC}") = "D07_EstruturasCiclicas", "Module_2_OOP\C02PCSF\D07_EstruturasCiclicas\D07_EstruturasCiclicas.csproj", "{00AE96FF-23E2-4975-BBDF-D24623718C9E}"
EndProject
Project("{FAE04EC0-301F-11D3-BF4B-00C04F79EFBC}") = "D08_EstruturasDados", "Module_2_OOP\C02PCSF\D08_EstruturasDados\D08_EstruturasDados.csproj", "{EB90A8A6-550A-4A2E-9785-FF90951FA2EB}"
EndProject
Project("{FAE04EC0-301F-11D3-BF4B-00C04F79EFBC}") = "D09_Classes", "Module_2_OOP\C02PCSF\D09_Classes\D09_Classes.csproj", "{3D9281B3-23D8-454E-9D07-F393BED0CAAD}"
EndProject
Project("{FAE04EC0-301F-11D3-BF4B-00C04F79EFBC}") = "D10_Colecao_ArrayList", "Module_2_OOP\C02PCSF\D10_Colecao_ArrayList\D10_Colecao_ArrayList.csproj", "{FE693E1D-6427-449E-9B3B-8403BB31DEB7}"
EndProject
Project("{FAE04EC0-301F-11D3-BF4B-00C04F79EFBC}") = "D11_ColecaoGenerica_List", "Module_2_OOP\C02PCSF\D11_ColecaoGenerica_List\D11_ColecaoGenerica_List.csproj", "{5EA40D56-910D-4524-89EE-B2FE7E650396}"
EndProject
Project("{FAE04EC0-301F-11D3-BF4B-00C04F79EFBC}") = "D12_ColecaoGeneric_Queue", "Module_2_OOP\C02PCSF\D12_ColecaoGeneric_Queue\D12_ColecaoGeneric_Queue.csproj", "{9DA146A3-B08D-4CEA-BA84-06410450CBB5}"
EndProject
Project("{FAE04EC0-301F-11D3-BF4B-00C04F79EFBC}") = "D13_ColecaoGeneric_Stack", "Module_2_OOP\C02PCSF\D13_ColecaoGeneric_Stack\D13_ColecaoGeneric_Stack.csproj", "{F8EBB929-A23E-4789-BF4B-0F1F6A32C167}"
EndProject
Project("{FAE04EC0-301F-11D3-BF4B-00C04F79EFBC}") = "D14_ColecaoGenerica_Dictionary", "Module_2_OOP\C02PCSF\D14_ColecaoGenerica_Dictionary\D14_ColecaoGenerica_Dictionary.csproj", "{1AE13059-8E12-4F1B-B4AF-361F60631DD1}"
EndProject
Project("{FAE04EC0-301F-11D3-BF4B-00C04F79EFBC}") = "D15_TratamentoExcecoes", "Module_2_OOP\C02PCSF\D15_TratamentoExcecoes\D15_TratamentoExcecoes.csproj", "{96FB2A6A-A233-42C4-BD83-113912F333E1}"
EndProject
Project("{FAE04EC0-301F-11D3-BF4B-00C04F79EFBC}") = "D16_Enums", "Module_2_OOP\C02PCSF\D16_Enums\D16_Enums.csproj", "{5AD218F1-368E-4569-AEE2-98BC4C09F46D}"
EndProject
Project("{FAE04EC0-301F-11D3-BF4B-00C04F79EFBC}") = "D17_Structs", "Module_2_OOP\C02PCSF\D17_Structs\D17_Structs.csproj", "{4D0155BB-2250-4809-94A8-CD4A780BEEE4}"
EndProject
Project("{FAE04EC0-301F-11D3-BF4B-00C04F79EFBC}") = "D18_LINQ", "Module_2_OOP\C02PCSF\D18_LINQ\D18_LINQ.csproj", "{58DDF889-A9F7-430E-AFCA-DD170E4D6CFD}"
EndProject
Project("{FAE04EC0-301F-11D3-BF4B-00C04F79EFBC}") = "E01_Calculadora", "Module_2_OOP\C02PCSF\E01_Calculadora\E01_Calculadora.csproj", "{748515D4-E45B-40ED-9CA1-D5551C5EFA75}"
EndProject
Project("{FAE04EC0-301F-11D3-BF4B-00C04F79EFBC}") = "E02_NomeCompleto", "Module_2_OOP\C02PCSF\E02_NomeCompleto\E02_NomeCompleto.csproj", "{98290D8E-46BC-411D-A64D-0D379B1A3D36}"
EndProject
Project("{FAE04EC0-301F-11D3-BF4B-00C04F79EFBC}") = "E03_Cars", "Module_2_OOP\C02PCSF\E03_Cars\E03_Cars.csproj", "{48E94D89-5374-4AE8-9393-F3114693088E}"
EndProject
Project("{FAE04EC0-301F-11D3-BF4B-00C04F79EFBC}") = "E04_Curso", "Module_2_OOP\C02PCSF\E04_Curso\E04_Curso.csproj", "{673ECD67-2565-4650-BB18-2E379792477B}"
EndProject
Project("{FAE04EC0-301F-11D3-BF4B-00C04F79EFBC}") = "M04_LeituraEscrita", "Module_2_OOP\C02PCSF\M04_LeituraEscrita\M04_LeituraEscrita.csproj", "{D857D591-788F-4452-852E-5E0ABD9508A4}"
EndProject
Project("{FAE04EC0-301F-11D3-BF4B-00C04F79EFBC}") = "M05_InstrucoesDecisao", "Module_2_OOP\C02PCSF\M05_InstrucoesDecisao\M05_InstrucoesDecisao.csproj", "{ECCC3180-06B4-41A1-935B-F4CF2F4AB854}"
EndProject
Global
	GlobalSection(SolutionConfigurationPlatforms) = preSolution
		Debug|Any CPU = Debug|Any CPU
		Release|Any CPU = Release|Any CPU
	EndGlobalSection
	GlobalSection(SolutionProperties) = preSolution
		HideSolutionNode = FALSE
	EndGlobalSection
	GlobalSection(ProjectConfigurationPlatforms) = postSolution
		{85DB4518-F393-41B2-9B8D-508F415C851E}.Debug|Any CPU.ActiveCfg = Debug|Any CPU
		{85DB4518-F393-41B2-9B8D-508F415C851E}.Debug|Any CPU.Build.0 = Debug|Any CPU
		{85DB4518-F393-41B2-9B8D-508F415C851E}.Release|Any CPU.ActiveCfg = Release|Any CPU
		{85DB4518-F393-41B2-9B8D-508F415C851E}.Release|Any CPU.Build.0 = Release|Any CPU
		{F394CA0F-60FB-48AE-A195-59344DA0BE0D}.Debug|Any CPU.ActiveCfg = Debug|Any CPU
		{F394CA0F-60FB-48AE-A195-59344DA0BE0D}.Debug|Any CPU.Build.0 = Debug|Any CPU
		{F394CA0F-60FB-48AE-A195-59344DA0BE0D}.Release|Any CPU.ActiveCfg = Release|Any CPU
		{F394CA0F-60FB-48AE-A195-59344DA0BE0D}.Release|Any CPU.Build.0 = Release|Any CPU
		{AA6136C7-3594-4514-B183-C2B2DBE67C59}.Debug|Any CPU.ActiveCfg = Debug|Any CPU
		{AA6136C7-3594-4514-B183-C2B2DBE67C59}.Debug|Any CPU.Build.0 = Debug|Any CPU
		{AA6136C7-3594-4514-B183-C2B2DBE67C59}.Release|Any CPU.ActiveCfg = Release|Any CPU
		{AA6136C7-3594-4514-B183-C2B2DBE67C59}.Release|Any CPU.Build.0 = Release|Any CPU
		{BB162809-8D68-4A1E-9D2D-5F9774195B9F}.Debug|Any CPU.ActiveCfg = Debug|Any CPU
		{BB162809-8D68-4A1E-9D2D-5F9774195B9F}.Debug|Any CPU.Build.0 = Debug|Any CPU
		{BB162809-8D68-4A1E-9D2D-5F9774195B9F}.Release|Any CPU.ActiveCfg = Release|Any CPU
		{BB162809-8D68-4A1E-9D2D-5F9774195B9F}.Release|Any CPU.Build.0 = Release|Any CPU
		{033435EF-438A-4AB0-A37B-EE762711CBFF}.Debug|Any CPU.ActiveCfg = Debug|Any CPU
		{033435EF-438A-4AB0-A37B-EE762711CBFF}.Debug|Any CPU.Build.0 = Debug|Any CPU
		{033435EF-438A-4AB0-A37B-EE762711CBFF}.Release|Any CPU.ActiveCfg = Release|Any CPU
		{033435EF-438A-4AB0-A37B-EE762711CBFF}.Release|Any CPU.Build.0 = Release|Any CPU
		{D9B7C921-17A1-4BE1-B8DB-214C22C18F31}.Debug|Any CPU.ActiveCfg = Debug|Any CPU
		{D9B7C921-17A1-4BE1-B8DB-214C22C18F31}.Debug|Any CPU.Build.0 = Debug|Any CPU
		{D9B7C921-17A1-4BE1-B8DB-214C22C18F31}.Release|Any CPU.ActiveCfg = Release|Any CPU
		{D9B7C921-17A1-4BE1-B8DB-214C22C18F31}.Release|Any CPU.Build.0 = Release|Any CPU
		{E83D4937-3B97-4135-8C4B-C1AAACD0D77C}.Debug|Any CPU.ActiveCfg = Debug|Any CPU
		{E83D4937-3B97-4135-8C4B-C1AAACD0D77C}.Debug|Any CPU.Build.0 = Debug|Any CPU
		{E83D4937-3B97-4135-8C4B-C1AAACD0D77C}.Release|Any CPU.ActiveCfg = Release|Any CPU
		{E83D4937-3B97-4135-8C4B-C1AAACD0D77C}.Release|Any CPU.Build.0 = Release|Any CPU
		{00AE96FF-23E2-4975-BBDF-D24623718C9E}.Debug|Any CPU.ActiveCfg = Debug|Any CPU
		{00AE96FF-23E2-4975-BBDF-D24623718C9E}.Debug|Any CPU.Build.0 = Debug|Any CPU
		{00AE96FF-23E2-4975-BBDF-D24623718C9E}.Release|Any CPU.ActiveCfg = Release|Any CPU
		{00AE96FF-23E2-4975-BBDF-D24623718C9E}.Release|Any CPU.Build.0 = Release|Any CPU
		{EB90A8A6-550A-4A2E-9785-FF90951FA2EB}.Debug|Any CPU.ActiveCfg = Debug|Any CPU
		{EB90A8A6-550A-4A2E-9785-FF90951FA2EB}.Debug|Any CPU.Build.0 = Debug|Any CPU
		{EB90A8A6-550A-4A2E-9785-FF90951FA2EB}.Release|Any CPU.ActiveCfg = Release|Any CPU
		{EB90A8A6-550A-4A2E-9785-FF90951FA2EB}.Release|Any CPU.Build.0 = Release|Any CPU
		{3D9281B3-23D8-454E-9D07-F393BED0CAAD}.Debug|Any CPU.ActiveCfg = Debug|Any CPU
		{3D9281B3-23D8-454E-9D07-F393BED0CAAD}.Debug|Any CPU.Build.0 = Debug|Any CPU
		{3D9281B3-23D8-454E-9D07-F393BED0CAAD}.Release|Any CPU.ActiveCfg = Release|Any CPU
		{3D9281B3-23D8-454E-9D07-F393BED0CAAD}.Release|Any CPU.Build.0 = Release|Any CPU
		{FE693E1D-6427-449E-9B3B-8403BB31DEB7}.Debug|Any CPU.ActiveCfg = Debug|Any CPU
		{FE693E1D-6427-449E-9B3B-8403BB31DEB7}.Debug|Any CPU.Build.0 = Debug|Any CPU
		{FE693E1D-6427-449E-9B3B-8403BB31DEB7}.Release|Any CPU.ActiveCfg = Release|Any CPU
		{FE693E1D-6427-449E-9B3B-8403BB31DEB7}.Release|Any CPU.Build.0 = Release|Any CPU
		{5EA40D56-910D-4524-89EE-B2FE7E650396}.Debug|Any CPU.ActiveCfg = Debug|Any CPU
		{5EA40D56-910D-4524-89EE-B2FE7E650396}.Debug|Any CPU.Build.0 = Debug|Any CPU
		{5EA40D56-910D-4524-89EE-B2FE7E650396}.Release|Any CPU.ActiveCfg = Release|Any CPU
		{5EA40D56-910D-4524-89EE-B2FE7E650396}.Release|Any CPU.Build.0 = Release|Any CPU
		{9DA146A3-B08D-4CEA-BA84-06410450CBB5}.Debug|Any CPU.ActiveCfg = Debug|Any CPU
		{9DA146A3-B08D-4CEA-BA84-06410450CBB5}.Debug|Any CPU.Build.0 = Debug|Any CPU
		{9DA146A3-B08D-4CEA-BA84-06410450CBB5}.Release|Any CPU.ActiveCfg = Release|Any CPU
		{9DA146A3-B08D-4CEA-BA84-06410450CBB5}.Release|Any CPU.Build.0 = Release|Any CPU
		{F8EBB929-A23E-4789-BF4B-0F1F6A32C167}.Debug|Any CPU.ActiveCfg = Debug|Any CPU
		{F8EBB929-A23E-4789-BF4B-0F1F6A32C167}.Debug|Any CPU.Build.0 = Debug|Any CPU
		{F8EBB929-A23E-4789-BF4B-0F1F6A32C167}.Release|Any CPU.ActiveCfg = Release|Any CPU
		{F8EBB929-A23E-4789-BF4B-0F1F6A32C167}.Release|Any CPU.Build.0 = Release|Any CPU
		{1AE13059-8E12-4F1B-B4AF-361F60631DD1}.Debug|Any CPU.ActiveCfg = Debug|Any CPU
		{1AE13059-8E12-4F1B-B4AF-361F60631DD1}.Debug|Any CPU.Build.0 = Debug|Any CPU
		{1AE13059-8E12-4F1B-B4AF-361F60631DD1}.Release|Any CPU.ActiveCfg = Release|Any CPU
		{1AE13059-8E12-4F1B-B4AF-361F60631DD1}.Release|Any CPU.Build.0 = Release|Any CPU
		{96FB2A6A-A233-42C4-BD83-113912F333E1}.Debug|Any CPU.ActiveCfg = Debug|Any CPU
		{96FB2A6A-A233-42C4-BD83-113912F333E1}.Debug|Any CPU.Build.0 = Debug|Any CPU
		{96FB2A6A-A233-42C4-BD83-113912F333E1}.Release|Any CPU.ActiveCfg = Release|Any CPU
		{96FB2A6A-A233-42C4-BD83-113912F333E1}.Release|Any CPU.Build.0 = Release|Any CPU
		{5AD218F1-368E-4569-AEE2-98BC4C09F46D}.Debug|Any CPU.ActiveCfg = Debug|Any CPU
		{5AD218F1-368E-4569-AEE2-98BC4C09F46D}.Debug|Any CPU.Build.0 = Debug|Any CPU
		{5AD218F1-368E-4569-AEE2-98BC4C09F46D}.Release|Any CPU.ActiveCfg = Release|Any CPU
		{5AD218F1-368E-4569-AEE2-98BC4C09F46D}.Release|Any CPU.Build.0 = Release|Any CPU
		{4D0155BB-2250-4809-94A8-CD4A780BEEE4}.Debug|Any CPU.ActiveCfg = Debug|Any CPU
		{4D0155BB-2250-4809-94A8-CD4A780BEEE4}.Debug|Any CPU.Build.0 = Debug|Any CPU
		{4D0155BB-2250-4809-94A8-CD4A780BEEE4}.Release|Any CPU.ActiveCfg = Release|Any CPU
		{4D0155BB-2250-4809-94A8-CD4A780BEEE4}.Release|Any CPU.Build.0 = Release|Any CPU
		{58DDF889-A9F7-430E-AFCA-DD170E4D6CFD}.Debug|Any CPU.ActiveCfg = Debug|Any CPU
		{58DDF889-A9F7-430E-AFCA-DD170E4D6CFD}.Debug|Any CPU.Build.0 = Debug|Any CPU
		{58DDF889-A9F7-430E-AFCA-DD170E4D6CFD}.Release|Any CPU.ActiveCfg = Release|Any CPU
		{58DDF889-A9F7-430E-AFCA-DD170E4D6CFD}.Release|Any CPU.Build.0 = Release|Any CPU
		{748515D4-E45B-40ED-9CA1-D5551C5EFA75}.Debug|Any CPU.ActiveCfg = Debug|Any CPU
		{748515D4-E45B-40ED-9CA1-D5551C5EFA75}.Debug|Any CPU.Build.0 = Debug|Any CPU
		{748515D4-E45B-40ED-9CA1-D5551C5EFA75}.Release|Any CPU.ActiveCfg = Release|Any CPU
		{748515D4-E45B-40ED-9CA1-D5551C5EFA75}.Release|Any CPU.Build.0 = Release|Any CPU
		{98290D8E-46BC-411D-A64D-0D379B1A3D36}.Debug|Any CPU.ActiveCfg = Debug|Any CPU
		{98290D8E-46BC-411D-A64D-0D379B1A3D36}.Debug|Any CPU.Build.0 = Debug|Any CPU
		{98290D8E-46BC-411D-A64D-0D379B1A3D36}.Release|Any CPU.ActiveCfg = Release|Any CPU
		{98290D8E-46BC-411D-A64D-0D379B1A3D36}.Release|Any CPU.Build.0 = Release|Any CPU
		{48E94D89-5374-4AE8-9393-F3114693088E}.Debug|Any CPU.ActiveCfg = Debug|Any CPU
		{48E94D89-5374-4AE8-9393-F3114693088E}.Debug|Any CPU.Build.0 = Debug|Any CPU
		{48E94D89-5374-4AE8-9393-F3114693088E}.Release|Any CPU.ActiveCfg = Release|Any CPU
		{48E94D89-5374-4AE8-9393-F3114693088E}.Release|Any CPU.Build.0 = Release|Any CPU
		{673ECD67-2565-4650-BB18-2E379792477B}.Debug|Any CPU.ActiveCfg = Debug|Any CPU
		{673ECD67-2565-4650-BB18-2E379792477B}.Debug|Any CPU.Build.0 = Debug|Any CPU
		{673ECD67-2565-4650-BB18-2E379792477B}.Release|Any CPU.ActiveCfg = Release|Any CPU
		{673ECD67-2565-4650-BB18-2E379792477B}.Release|Any CPU.Build.0 = Release|Any CPU
		{D857D591-788F-4452-852E-5E0ABD9508A4}.Debug|Any CPU.ActiveCfg = Debug|Any CPU
		{D857D591-788F-4452-852E-5E0ABD9508A4}.Debug|Any CPU.Build.0 = Debug|Any CPU
		{D857D591-788F-4452-852E-5E0ABD9508A4}.Release|Any CPU.ActiveCfg = Release|Any CPU
		{D857D591-788F-4452-852E-5E0ABD9508A4}.Release|Any CPU.Build.0 = Release|Any CPU
		{ECCC3180-06B4-41A1-935B-F4CF2F4AB854}.Debug|Any CPU.ActiveCfg = Debug|Any CPU
		{ECCC3180-06B4-41A1-935B-F4CF2F4AB854}.Debug|Any CPU.Build.0 = Debug|Any CPU
		{ECCC3180-06B4-41A1-935B-F4CF2F4AB854}.Release|Any CPU.ActiveCfg = Release|Any CPU
		{ECCC3180-06B4-41A1-935B-F4CF2F4AB854}.Release|Any CPU.Build.0 = Release|Any CPU
	EndGlobalSection
	GlobalSection(NestedProjects) = preSolution
		{F394CA0F-60FB-48AE-A195-59344DA0BE0D} = {7DEF3BF9-80E1-40B9-A559-7F0B7C0E6EBE}
		{AA6136C7-3594-4514-B183-C2B2DBE67C59} = {7DEF3BF9-80E1-40B9-A559-7F0B7C0E6EBE}
		{BB162809-8D68-4A1E-9D2D-5F9774195B9F} = {7DEF3BF9-80E1-40B9-A559-7F0B7C0E6EBE}
		{033435EF-438A-4AB0-A37B-EE762711CBFF} = {7DEF3BF9-80E1-40B9-A559-7F0B7C0E6EBE}
		{D9B7C921-17A1-4BE1-B8DB-214C22C18F31} = {7DEF3BF9-80E1-40B9-A559-7F0B7C0E6EBE}
		{E83D4937-3B97-4135-8C4B-C1AAACD0D77C} = {7DEF3BF9-80E1-40B9-A559-7F0B7C0E6EBE}
		{00AE96FF-23E2-4975-BBDF-D24623718C9E} = {7DEF3BF9-80E1-40B9-A559-7F0B7C0E6EBE}
		{EB90A8A6-550A-4A2E-9785-FF90951FA2EB} = {7DEF3BF9-80E1-40B9-A559-7F0B7C0E6EBE}
		{3D9281B3-23D8-454E-9D07-F393BED0CAAD} = {7DEF3BF9-80E1-40B9-A559-7F0B7C0E6EBE}
		{FE693E1D-6427-449E-9B3B-8403BB31DEB7} = {7DEF3BF9-80E1-40B9-A559-7F0B7C0E6EBE}
		{5EA40D56-910D-4524-89EE-B2FE7E650396} = {7DEF3BF9-80E1-40B9-A559-7F0B7C0E6EBE}
		{9DA146A3-B08D-4CEA-BA84-06410450CBB5} = {7DEF3BF9-80E1-40B9-A559-7F0B7C0E6EBE}
		{F8EBB929-A23E-4789-BF4B-0F1F6A32C167} = {7DEF3BF9-80E1-40B9-A559-7F0B7C0E6EBE}
		{1AE13059-8E12-4F1B-B4AF-361F60631DD1} = {7DEF3BF9-80E1-40B9-A559-7F0B7C0E6EBE}
		{96FB2A6A-A233-42C4-BD83-113912F333E1} = {7DEF3BF9-80E1-40B9-A559-7F0B7C0E6EBE}
		{5AD218F1-368E-4569-AEE2-98BC4C09F46D} = {7DEF3BF9-80E1-40B9-A559-7F0B7C0E6EBE}
		{4D0155BB-2250-4809-94A8-CD4A780BEEE4} = {7DEF3BF9-80E1-40B9-A559-7F0B7C0E6EBE}
		{58DDF889-A9F7-430E-AFCA-DD170E4D6CFD} = {7DEF3BF9-80E1-40B9-A559-7F0B7C0E6EBE}
		{748515D4-E45B-40ED-9CA1-D5551C5EFA75} = {7DEF3BF9-80E1-40B9-A559-7F0B7C0E6EBE}
		{98290D8E-46BC-411D-A64D-0D379B1A3D36} = {7DEF3BF9-80E1-40B9-A559-7F0B7C0E6EBE}
		{48E94D89-5374-4AE8-9393-F3114693088E} = {7DEF3BF9-80E1-40B9-A559-7F0B7C0E6EBE}
		{673ECD67-2565-4650-BB18-2E379792477B} = {7DEF3BF9-80E1-40B9-A559-7F0B7C0E6EBE}
		{D857D591-788F-4452-852E-5E0ABD9508A4} = {7DEF3BF9-80E1-40B9-A559-7F0B7C0E6EBE}
		{ECCC3180-06B4-41A1-935B-F4CF2F4AB854} = {7DEF3BF9-80E1-40B9-A559-7F0B7C0E6EBE}
	EndGlobalSection
EndGlobal
