
Microsoft Visual Studio Solution File, Format Version 12.00
# Visual Studio Version 17
VisualStudioVersion = 17.2.32616.157
MinimumVisualStudioVersion = 10.0.40219.1
Project("{FAE04EC0-301F-11D3-BF4B-00C04F79EFBC}") = "E01_EF6_CF_Client", "E01_EF6_CF_Client\E01_EF6_CF_Client.csproj", "{EA030F89-1F18-4DF6-A732-24D7D2D0397A}"
EndProject
Project("{FAE04EC0-301F-11D3-BF4B-00C04F79EFBC}") = "E01_EF6_CF_DAL", "E01_EF6_CF_DAL\E01_EF6_CF_DAL.csproj", "{366A03C1-9342-4EAB-8D41-1D40A2CE8D85}"
EndProject
Global
	GlobalSection(SolutionConfigurationPlatforms) = preSolution
		Debug|Any CPU = Debug|Any CPU
		Release|Any CPU = Release|Any CPU
	EndGlobalSection
	GlobalSection(ProjectConfigurationPlatforms) = postSolution
		{EA030F89-1F18-4DF6-A732-24D7D2D0397A}.Debug|Any CPU.ActiveCfg = Debug|Any CPU
		{EA030F89-1F18-4DF6-A732-24D7D2D0397A}.Debug|Any CPU.Build.0 = Debug|Any CPU
		{EA030F89-1F18-4DF6-A732-24D7D2D0397A}.Release|Any CPU.ActiveCfg = Release|Any CPU
		{EA030F89-1F18-4DF6-A732-24D7D2D0397A}.Release|Any CPU.Build.0 = Release|Any CPU
		{366A03C1-9342-4EAB-8D41-1D40A2CE8D85}.Debug|Any CPU.ActiveCfg = Debug|Any CPU
		{366A03C1-9342-4EAB-8D41-1D40A2CE8D85}.Debug|Any CPU.Build.0 = Debug|Any CPU
		{366A03C1-9342-4EAB-8D41-1D40A2CE8D85}.Release|Any CPU.ActiveCfg = Release|Any CPU
		{366A03C1-9342-4EAB-8D41-1D40A2CE8D85}.Release|Any CPU.Build.0 = Release|Any CPU
	EndGlobalSection
	GlobalSection(SolutionProperties) = preSolution
		HideSolutionNode = FALSE
	EndGlobalSection
	GlobalSection(ExtensibilityGlobals) = postSolution
		SolutionGuid = {D3108ACB-64DD-4529-8BDE-A5F1C015141E}
	EndGlobalSection
EndGlobal
